# This file is generated by running "yarn install" inside your project.
# Manual changes might be lost - proceed with caution!

__metadata:
  version: 10
  cacheKey: 10

"@storyteller/api@workspace:apps/api":
  version: 0.0.0-use.local
  resolution: "@storyteller/api@workspace:apps/api"
  languageName: unknown
  linkType: soft

"@storyteller/domain@workspace:*, @storyteller/domain@workspace:packages/domain":
  version: 0.0.0-use.local
  resolution: "@storyteller/domain@workspace:packages/domain"
  languageName: unknown
  linkType: soft

"@storyteller/mcp@workspace:apps/mcp":
  version: 0.0.0-use.local
  resolution: "@storyteller/mcp@workspace:apps/mcp"
  languageName: unknown
  linkType: soft

"@storyteller/mobile@workspace:apps/mobile":
  version: 0.0.0-use.local
  resolution: "@storyteller/mobile@workspace:apps/mobile"
  languageName: unknown
  linkType: soft

"@storyteller/publishers@workspace:packages/publishers":
  version: 0.0.0-use.local
  resolution: "@storyteller/publishers@workspace:packages/publishers"
  languageName: unknown
  linkType: soft

"@storyteller/renderer@workspace:packages/renderer":
  version: 0.0.0-use.local
  resolution: "@storyteller/renderer@workspace:packages/renderer"
  languageName: unknown
  linkType: soft

"@storyteller/schemas@workspace:packages/schemas":
  version: 0.0.0-use.local
  resolution: "@storyteller/schemas@workspace:packages/schemas"
  dependencies:
    "@storyteller/domain": "workspace:*"
  languageName: unknown
  linkType: soft

"@storyteller/web@workspace:apps/web":
  version: 0.0.0-use.local
  resolution: "@storyteller/web@workspace:apps/web"
  languageName: unknown
  linkType: soft

"@storyteller/worker@workspace:apps/worker":
  version: 0.0.0-use.local
  resolution: "@storyteller/worker@workspace:apps/worker"
  languageName: unknown
  linkType: soft

"@types/node@npm:22.20.1":
  version: 22.20.1
  resolution: "@types/node@npm:22.20.1"
  dependencies:
    undici-types: "npm:~6.21.0"
  languageName: node
  linkType: hard

"storyteller@workspace:.":
  version: 0.0.0-use.local
  resolution: "storyteller@workspace:."
  dependencies:
    "@types/node": "npm:22.20.1"
    typescript: "npm:5.9.3"
  languageName: unknown
  linkType: soft

"typescript@npm:5.9.3":
  version: 5.9.3
  resolution: "typescript@npm:5.9.3"
  languageName: node
  linkType: hard

"typescript@patch:typescript@npm%3A5.9.3#optional!builtin<compat/typescript>":
  version: 5.9.3
  resolution: "typescript@patch:typescript@npm%3A5.9.3#optional!builtin<compat/typescript>::version=5.9.3&hash=f3b441"
  dependencies:
    typescript: "npm:5.9.3"
  languageName: node
  linkType: hard

"undici-types@npm:~6.21.0":
  version: 6.21.0
  resolution: "undici-types@npm:6.21.0"
  languageName: node
  linkType: hard
